// !$*UTF8*$!
{
	archiveVersion = 1;
	classes = {
	};
	objectVersion = 56;
	objects = {

/* Begin PBXBuildFile section */
		6FF046AE0BE9545667754F71 /* Pods_PlaniCo.framework in Frameworks */ = {isa = PBXBuildFile; fileRef = A057D320BD262432226996B7 /* Pods_PlaniCo.framework */; };
		E600251129A7E12C003C91DC /* ReceiptAlert.swift in Sources */ = {isa = PBXBuildFile; fileRef = E600251029A7E12C003C91DC /* ReceiptAlert.swift */; };
		E600251329A8030A003C91DC /* companies.json in Resources */ = {isa = PBXBuildFile; fileRef = E600251229A8030A003C91DC /* companies.json */; };
		E62F38BE29A541230031A6B9 /* AuthViewController.swift in Sources */ = {isa = PBXBuildFile; fileRef = E62F38BD29A541230031A6B9 /* AuthViewController.swift */; };
		E62F38C029A541C00031A6B9 /* LoginController.swift in Sources */ = {isa = PBXBuildFile; fileRef = E62F38BF29A541C00031A6B9 /* LoginController.swift */; };
		E62F38C229A541FF0031A6B9 /* UserViewController.swift in Sources */ = {isa = PBXBuildFile; fileRef = E62F38C129A541FF0031A6B9 /* UserViewController.swift */; };
		E62F38C529A5429A0031A6B9 /* SignedOutView.swift in Sources */ = {isa = PBXBuildFile; fileRef = E62F38C429A5429A0031A6B9 /* SignedOutView.swift */; };
		E62F38C729A542B60031A6B9 /* LoginView.swift in Sources */ = {isa = PBXBuildFile; fileRef = E62F38C629A542B60031A6B9 /* LoginView.swift */; };
		E62F38CA29A545320031A6B9 /* AuthProvider.swift in Sources */ = {isa = PBXBuildFile; fileRef = E62F38C929A545320031A6B9 /* AuthProvider.swift */; };
		E62F38CC29A5454E0031A6B9 /* UserActions.swift in Sources */ = {isa = PBXBuildFile; fileRef = E62F38CB29A5454E0031A6B9 /* UserActions.swift */; };
		E62F38CE29A545680031A6B9 /* Section.swift in Sources */ = {isa = PBXBuildFile; fileRef = E62F38CD29A545680031A6B9 /* Section.swift */; };
		E62F38D129A545B20031A6B9 /* Extensions.swift in Sources */ = {isa = PBXBuildFile; fileRef = E62F38D029A545B20031A6B9 /* Extensions.swift */; };
		E62F38D329A545CC0031A6B9 /* LoginDelegate.swift in Sources */ = {isa = PBXBuildFile; fileRef = E62F38D229A545CC0031A6B9 /* LoginDelegate.swift */; };
		E62F38D629A545FC0031A6B9 /* DataSourceProvider.swift in Sources */ = {isa = PBXBuildFile; fileRef = E62F38D529A545FC0031A6B9 /* DataSourceProvider.swift */; };
		E62F38D829A546170031A6B9 /* DataSourceProtocol.swift in Sources */ = {isa = PBXBuildFile; fileRef = E62F38D729A546170031A6B9 /* DataSourceProtocol.swift */; };
		E62F38DB29A5463E0031A6B9 /* Animator.swift in Sources */ = {isa = PBXBuildFile; fileRef = E62F38DA29A5463E0031A6B9 /* Animator.swift */; };
		E62F38DF29A5485D0031A6B9 /* GoogleService-Info.plist in Resources */ = {isa = PBXBuildFile; fileRef = E62F38DE29A5485C0031A6B9 /* GoogleService-Info.plist */; };
		E64A059C29A56AA3005B8119 /* HistoryViewController.swift in Sources */ = {isa = PBXBuildFile; fileRef = E64A059B29A56AA3005B8119 /* HistoryViewController.swift */; };
		E6C9DA6729A628ED00A1EE36 /* AddReceiptController.swift in Sources */ = {isa = PBXBuildFile; fileRef = E6C9DA6629A628ED00A1EE36 /* AddReceiptController.swift */; };
		E6C9DA6929A64AA300A1EE36 /* ScanerView.swift in Sources */ = {isa = PBXBuildFile; fileRef = E6C9DA6829A64AA300A1EE36 /* ScanerView.swift */; };
		E6C9DA6B29A6540B00A1EE36 /* TextRecognition.swift in Sources */ = {isa = PBXBuildFile; fileRef = E6C9DA6A29A6540B00A1EE36 /* TextRecognition.swift */; };
		E6C9DA6D29A6543E00A1EE36 /* Model.swift in Sources */ = {isa = PBXBuildFile; fileRef = E6C9DA6C29A6543E00A1EE36 /* Model.swift */; };
		E6CC18B829A950370008E59A /* SummaryController.swift in Sources */ = {isa = PBXBuildFile; fileRef = E6CC18B729A950370008E59A /* SummaryController.swift */; };
		E6FFCE0429A5322000B4A718 /* AppDelegate.swift in Sources */ = {isa = PBXBuildFile; fileRef = E6FFCE0329A5322000B4A718 /* AppDelegate.swift */; };
		E6FFCE0629A5322000B4A718 /* SceneDelegate.swift in Sources */ = {isa = PBXBuildFile; fileRef = E6FFCE0529A5322000B4A718 /* SceneDelegate.swift */; };
		E6FFCE0B29A5322000B4A718 /* Main.storyboard in Resources */ = {isa = PBXBuildFile; fileRef = E6FFCE0929A5322000B4A718 /* Main.storyboard */; };
		E6FFCE0D29A5322100B4A718 /* Assets.xcassets in Resources */ = {isa = PBXBuildFile; fileRef = E6FFCE0C29A5322100B4A718 /* Assets.xcassets */; };
		E6FFCE1029A5322100B4A718 /* LaunchScreen.storyboard in Resources */ = {isa = PBXBuildFile; fileRef = E6FFCE0E29A5322100B4A718 /* LaunchScreen.storyboard */; };
/* End PBXBuildFile section */

/* Begin PBXFileReference section */
		3FB46EC8FC49A26245638C3B /* Pods-PlaniCo.release.xcconfig */ = {isa = PBXFileReference; includeInIndex = 1; lastKnownFileType = text.xcconfig; name = "Pods-PlaniCo.release.xcconfig"; path = "Target Support Files/Pods-PlaniCo/Pods-PlaniCo.release.xcconfig"; sourceTree = "<group>"; };
		42C8F0A1964D77D77297D0DC /* Pods-PlaniCo.debug.xcconfig */ = {isa = PBXFileReference; includeInIndex = 1; lastKnownFileType = text.xcconfig; name = "Pods-PlaniCo.debug.xcconfig"; path = "Target Support Files/Pods-PlaniCo/Pods-PlaniCo.debug.xcconfig"; sourceTree = "<group>"; };
		A057D320BD262432226996B7 /* Pods_PlaniCo.framework */ = {isa = PBXFileReference; explicitFileType = wrapper.framework; includeInIndex = 0; path = Pods_PlaniCo.framework; sourceTree = BUILT_PRODUCTS_DIR; };
		E600250F29A7D378003C91DC /* companies.geojson */ = {isa = PBXFileReference; lastKnownFileType = text; path = companies.geojson; sourceTree = "<group>"; };
		E600251029A7E12C003C91DC /* ReceiptAlert.swift */ = {isa = PBXFileReference; lastKnownFileType = sourcecode.swift; path = ReceiptAlert.swift; sourceTree = "<group>"; };
		E600251229A8030A003C91DC /* companies.json */ = {isa = PBXFileReference; fileEncoding = 4; lastKnownFileType = text.json; path = companies.json; sourceTree = "<group>"; };
		E62F38BD29A541230031A6B9 /* AuthViewController.swift */ = {isa = PBXFileReference; lastKnownFileType = sourcecode.swift; path = AuthViewController.swift; sourceTree = "<group>"; };
		E62F38BF29A541C00031A6B9 /* LoginController.swift */ = {isa = PBXFileReference; lastKnownFileType = sourcecode.swift; path = LoginController.swift; sourceTree = "<group>"; };
		E62F38C129A541FF0031A6B9 /* UserViewController.swift */ = {isa = PBXFileReference; lastKnownFileType = sourcecode.swift; path = UserViewController.swift; sourceTree = "<group>"; };
		E62F38C429A5429A0031A6B9 /* SignedOutView.swift */ = {isa = PBXFileReference; lastKnownFileType = sourcecode.swift; path = SignedOutView.swift; sourceTree = "<group>"; };
		E62F38C629A542B60031A6B9 /* LoginView.swift */ = {isa = PBXFileReference; lastKnownFileType = sourcecode.swift; path = LoginView.swift; sourceTree = "<group>"; };
		E62F38C929A545320031A6B9 /* AuthProvider.swift */ = {isa = PBXFileReference; lastKnownFileType = sourcecode.swift; path = AuthProvider.swift; sourceTree = "<group>"; };
		E62F38CB29A5454E0031A6B9 /* UserActions.swift */ = {isa = PBXFileReference; lastKnownFileType = sourcecode.swift; path = UserActions.swift; sourceTree = "<group>"; };
		E62F38CD29A545680031A6B9 /* Section.swift */ = {isa = PBXFileReference; lastKnownFileType = sourcecode.swift; path = Section.swift; sourceTree = "<group>"; };
		E62F38D029A545B20031A6B9 /* Extensions.swift */ = {isa = PBXFileReference; lastKnownFileType = sourcecode.swift; path = Extensions.swift; sourceTree = "<group>"; };
		E62F38D229A545CC0031A6B9 /* LoginDelegate.swift */ = {isa = PBXFileReference; lastKnownFileType = sourcecode.swift; path = LoginDelegate.swift; sourceTree = "<group>"; };
		E62F38D529A545FC0031A6B9 /* DataSourceProvider.swift */ = {isa = PBXFileReference; lastKnownFileType = sourcecode.swift; path = DataSourceProvider.swift; sourceTree = "<group>"; };
		E62F38D729A546170031A6B9 /* DataSourceProtocol.swift */ = {isa = PBXFileReference; lastKnownFileType = sourcecode.swift; path = DataSourceProtocol.swift; sourceTree = "<group>"; };
		E62F38DA29A5463E0031A6B9 /* Animator.swift */ = {isa = PBXFileReference; lastKnownFileType = sourcecode.swift; path = Animator.swift; sourceTree = "<group>"; };
		E62F38DE29A5485C0031A6B9 /* GoogleService-Info.plist */ = {isa = PBXFileReference; fileEncoding = 4; lastKnownFileType = text.plist.xml; name = "GoogleService-Info.plist"; path = "PlaniCo/GoogleService-Info.plist"; sourceTree = "<group>"; };
		E64A059B29A56AA3005B8119 /* HistoryViewController.swift */ = {isa = PBXFileReference; lastKnownFileType = sourcecode.swift; path = HistoryViewController.swift; sourceTree = "<group>"; };
		E6C9DA6629A628ED00A1EE36 /* AddReceiptController.swift */ = {isa = PBXFileReference; lastKnownFileType = sourcecode.swift; path = AddReceiptController.swift; sourceTree = "<group>"; };
		E6C9DA6829A64AA300A1EE36 /* ScanerView.swift */ = {isa = PBXFileReference; lastKnownFileType = sourcecode.swift; path = ScanerView.swift; sourceTree = "<group>"; };
		E6C9DA6A29A6540B00A1EE36 /* TextRecognition.swift */ = {isa = PBXFileReference; lastKnownFileType = sourcecode.swift; path = TextRecognition.swift; sourceTree = "<group>"; };
		E6C9DA6C29A6543E00A1EE36 /* Model.swift */ = {isa = PBXFileReference; lastKnownFileType = sourcecode.swift; path = Model.swift; sourceTree = "<group>"; };
		E6CC18B729A950370008E59A /* SummaryController.swift */ = {isa = PBXFileReference; lastKnownFileType = sourcecode.swift; path = SummaryController.swift; sourceTree = "<group>"; };
		E6FFCE0029A5322000B4A718 /* PlaniCo.app */ = {isa = PBXFileReference; explicitFileType = wrapper.application; includeInIndex = 0; path = PlaniCo.app; sourceTree = BUILT_PRODUCTS_DIR; };
		E6FFCE0329A5322000B4A718 /* AppDelegate.swift */ = {isa = PBXFileReference; lastKnownFileType = sourcecode.swift; path = AppDelegate.swift; sourceTree = "<group>"; };
		E6FFCE0529A5322000B4A718 /* SceneDelegate.swift */ = {isa = PBXFileReference; lastKnownFileType = sourcecode.swift; path = SceneDelegate.swift; sourceTree = "<group>"; };
		E6FFCE0A29A5322000B4A718 /* Base */ = {isa = PBXFileReference; lastKnownFileType = file.storyboard; name = Base; path = Base.lproj/Main.storyboard; sourceTree = "<group>"; };
		E6FFCE0C29A5322100B4A718 /* Assets.xcassets */ = {isa = PBXFileReference; lastKnownFileType = folder.assetcatalog; path = Assets.xcassets; sourceTree = "<group>"; };
		E6FFCE0F29A5322100B4A718 /* Base */ = {isa = PBXFileReference; lastKnownFileType = file.storyboard; name = Base; path = Base.lproj/LaunchScreen.storyboard; sourceTree = "<group>"; };
		E6FFCE1129A5322100B4A718 /* Info.plist */ = {isa = PBXFileReference; lastKnownFileType = text.plist.xml; path = Info.plist; sourceTree = "<group>"; };
/* End PBXFileReference section */

/* Begin PBXFrameworksBuildPhase section */
		E6FFCDFD29A5322000B4A718 /* Frameworks */ = {
			isa = PBXFrameworksBuildPhase;
			buildActionMask = 2147483647;
			files = (
				6FF046AE0BE9545667754F71 /* Pods_PlaniCo.framework in Frameworks */,
			);
			runOnlyForDeploymentPostprocessing = 0;
		};
/* End PBXFrameworksBuildPhase section */

/* Begin PBXGroup section */
		3442FF94F54083359BDC81D3 /* Pods */ = {
			isa = PBXGroup;
			children = (
				42C8F0A1964D77D77297D0DC /* Pods-PlaniCo.debug.xcconfig */,
				3FB46EC8FC49A26245638C3B /* Pods-PlaniCo.release.xcconfig */,
			);
			path = Pods;
			sourceTree = "<group>";
		};
		DFE12E778442DA08FFD2119A /* Frameworks */ = {
			isa = PBXGroup;
			children = (
				A057D320BD262432226996B7 /* Pods_PlaniCo.framework */,
			);
			name = Frameworks;
			sourceTree = "<group>";
		};
		E62F38BC29A540F20031A6B9 /* ViewControllers */ = {
			isa = PBXGroup;
			children = (
				E62F38BD29A541230031A6B9 /* AuthViewController.swift */,
				E62F38BF29A541C00031A6B9 /* LoginController.swift */,
				E62F38C129A541FF0031A6B9 /* UserViewController.swift */,
				E64A059B29A56AA3005B8119 /* HistoryViewController.swift */,
				E6C9DA6629A628ED00A1EE36 /* AddReceiptController.swift */,
				E6CC18B729A950370008E59A /* SummaryController.swift */,
			);
			path = ViewControllers;
			sourceTree = "<group>";
		};
		E62F38C329A542740031A6B9 /* Custom Views */ = {
			isa = PBXGroup;
			children = (
				E62F38C429A5429A0031A6B9 /* SignedOutView.swift */,
				E62F38C629A542B60031A6B9 /* LoginView.swift */,
				E6C9DA6829A64AA300A1EE36 /* ScanerView.swift */,
				E6C9DA6A29A6540B00A1EE36 /* TextRecognition.swift */,
			);
			path = "Custom Views";
			sourceTree = "<group>";
		};
		E62F38C829A5451B0031A6B9 /* Models */ = {
			isa = PBXGroup;
			children = (
				E600251229A8030A003C91DC /* companies.json */,
				E600250F29A7D378003C91DC /* companies.geojson */,
				E62F38C929A545320031A6B9 /* AuthProvider.swift */,
				E62F38CB29A5454E0031A6B9 /* UserActions.swift */,
				E62F38CD29A545680031A6B9 /* Section.swift */,
				E6C9DA6C29A6543E00A1EE36 /* Model.swift */,
				E600251029A7E12C003C91DC /* ReceiptAlert.swift */,
			);
			path = Models;
			sourceTree = "<group>";
		};
		E62F38CF29A545990031A6B9 /* Utility */ = {
			isa = PBXGroup;
			children = (
				E62F38D929A5462C0031A6B9 /* TransitionAnimator */,
				E62F38D429A545E70031A6B9 /* DataSourceProvider */,
				E62F38D029A545B20031A6B9 /* Extensions.swift */,
				E62F38D229A545CC0031A6B9 /* LoginDelegate.swift */,
			);
			path = Utility;
			sourceTree = "<group>";
		};
		E62F38D429A545E70031A6B9 /* DataSourceProvider */ = {
			isa = PBXGroup;
			children = (
				E62F38D529A545FC0031A6B9 /* DataSourceProvider.swift */,
				E62F38D729A546170031A6B9 /* DataSourceProtocol.swift */,
			);
			path = DataSourceProvider;
			sourceTree = "<group>";
		};
		E62F38D929A5462C0031A6B9 /* TransitionAnimator */ = {
			isa = PBXGroup;
			children = (
				E62F38DA29A5463E0031A6B9 /* Animator.swift */,
			);
			path = TransitionAnimator;
			sourceTree = "<group>";
		};
		E6FFCDF729A5322000B4A718 = {
			isa = PBXGroup;
			children = (
				E62F38DE29A5485C0031A6B9 /* GoogleService-Info.plist */,
				E6FFCE0229A5322000B4A718 /* PlaniCo */,
				E6FFCE0129A5322000B4A718 /* Products */,
				3442FF94F54083359BDC81D3 /* Pods */,
				DFE12E778442DA08FFD2119A /* Frameworks */,
			);
			sourceTree = "<group>";
		};
		E6FFCE0129A5322000B4A718 /* Products */ = {
			isa = PBXGroup;
			children = (
				E6FFCE0029A5322000B4A718 /* PlaniCo.app */,
			);
			name = Products;
			sourceTree = "<group>";
		};
		E6FFCE0229A5322000B4A718 /* PlaniCo */ = {
			isa = PBXGroup;
			children = (
				E6FFCE0329A5322000B4A718 /* AppDelegate.swift */,
				E6FFCE0529A5322000B4A718 /* SceneDelegate.swift */,
				E62F38BC29A540F20031A6B9 /* ViewControllers */,
				E62F38C829A5451B0031A6B9 /* Models */,
				E62F38C329A542740031A6B9 /* Custom Views */,
				E62F38CF29A545990031A6B9 /* Utility */,
				E6FFCE0929A5322000B4A718 /* Main.storyboard */,
				E6FFCE0C29A5322100B4A718 /* Assets.xcassets */,
				E6FFCE0E29A5322100B4A718 /* LaunchScreen.storyboard */,
				E6FFCE1129A5322100B4A718 /* Info.plist */,
			);
			path = PlaniCo;
			sourceTree = "<group>";
		};
/* End PBXGroup section */

/* Begin PBXNativeTarget section */
		E6FFCDFF29A5322000B4A718 /* PlaniCo */ = {
			isa = PBXNativeTarget;
			buildConfigurationList = E6FFCE1429A5322100B4A718 /* Build configuration list for PBXNativeTarget "PlaniCo" */;
			buildPhases = (
				12D4E14F1759202538351B99 /* [CP] Check Pods Manifest.lock */,
				E6FFCDFC29A5322000B4A718 /* Sources */,
				E6FFCDFD29A5322000B4A718 /* Frameworks */,
				E6FFCDFE29A5322000B4A718 /* Resources */,
				D8CB49D570FAB3FEE6045E8F /* [CP] Embed Pods Frameworks */,
			);
			buildRules = (
			);
			dependencies = (
			);
			name = PlaniCo;
			productName = PlaniCo;
			productReference = E6FFCE0029A5322000B4A718 /* PlaniCo.app */;
			productType = "com.apple.product-type.application";
		};
/* End PBXNativeTarget section */

/* Begin PBXProject section */
		E6FFCDF829A5322000B4A718 /* Project object */ = {
			isa = PBXProject;
			attributes = {
				BuildIndependentTargetsInParallel = 1;
				LastSwiftUpdateCheck = 1420;
				LastUpgradeCheck = 1420;
				TargetAttributes = {
					E6FFCDFF29A5322000B4A718 = {
						CreatedOnToolsVersion = 14.2;
					};
				};
			};
			buildConfigurationList = E6FFCDFB29A5322000B4A718 /* Build configuration list for PBXProject "PlaniCo" */;
			compatibilityVersion = "Xcode 14.0";
			developmentRegion = en;
			hasScannedForEncodings = 0;
			knownRegions = (
				en,
				Base,
			);
			mainGroup = E6FFCDF729A5322000B4A718;
			productRefGroup = E6FFCE0129A5322000B4A718 /* Products */;
			projectDirPath = "";
			projectRoot = "";
			targets = (
				E6FFCDFF29A5322000B4A718 /* PlaniCo */,
			);
		};
/* End PBXProject section */

/* Begin PBXResourcesBuildPhase section */
		E6FFCDFE29A5322000B4A718 /* Resources */ = {
			isa = PBXResourcesBuildPhase;
			buildActionMask = 2147483647;
			files = (
				E6FFCE1029A5322100B4A718 /* LaunchScreen.storyboard in Resources */,
				E62F38DF29A5485D0031A6B9 /* GoogleService-Info.plist in Resources */,
				E600251329A8030A003C91DC /* companies.json in Resources */,
				E6FFCE0D29A5322100B4A718 /* Assets.xcassets in Resources */,
				E6FFCE0B29A5322000B4A718 /* Main.storyboard in Resources */,
			);
			runOnlyForDeploymentPostprocessing = 0;
		};
/* End PBXResourcesBuildPhase section */

/* Begin PBXShellScriptBuildPhase section */
		12D4E14F1759202538351B99 /* [CP] Check Pods Manifest.lock */ = {
			isa = PBXShellScriptBuildPhase;
			buildActionMask = 2147483647;
			files = (
			);
			inputFileListPaths = (
			);
			inputPaths = (
				"${PODS_PODFILE_DIR_PATH}/Podfile.lock",
				"${PODS_ROOT}/Manifest.lock",
			);
			name = "[CP] Check Pods Manifest.lock";
			outputFileListPaths = (
			);
			outputPaths = (
				"$(DERIVED_FILE_DIR)/Pods-PlaniCo-checkManifestLockResult.txt",
			);
			runOnlyForDeploymentPostprocessing = 0;
			shellPath = /bin/sh;
			shellScript = "diff \"${PODS_PODFILE_DIR_PATH}/Podfile.lock\" \"${PODS_ROOT}/Manifest.lock\" > /dev/null\nif [ $? != 0 ] ; then\n    # print error to STDERR\n    echo \"error: The sandbox is not in sync with the Podfile.lock. Run 'pod install' or update your CocoaPods installation.\" >&2\n    exit 1\nfi\n# This output is used by Xcode 'outputs' to avoid re-running this script phase.\necho \"SUCCESS\" > \"${SCRIPT_OUTPUT_FILE_0}\"\n";
			showEnvVarsInLog = 0;
		};
		D8CB49D570FAB3FEE6045E8F /* [CP] Embed Pods Frameworks */ = {
			isa = PBXShellScriptBuildPhase;
			buildActionMask = 2147483647;
			files = (
			);
			inputFileListPaths = (
				"${PODS_ROOT}/Target Support Files/Pods-PlaniCo/Pods-PlaniCo-frameworks-${CONFIGURATION}-input-files.xcfilelist",
			);
			name = "[CP] Embed Pods Frameworks";
			outputFileListPaths = (
				"${PODS_ROOT}/Target Support Files/Pods-PlaniCo/Pods-PlaniCo-frameworks-${CONFIGURATION}-output-files.xcfilelist",
			);
			runOnlyForDeploymentPostprocessing = 0;
			shellPath = /bin/sh;
			shellScript = "\"${PODS_ROOT}/Target Support Files/Pods-PlaniCo/Pods-PlaniCo-frameworks.sh\"\n";
			showEnvVarsInLog = 0;
		};
/* End PBXShellScriptBuildPhase section */

/* Begin PBXSourcesBuildPhase section */
		E6FFCDFC29A5322000B4A718 /* Sources */ = {
			isa = PBXSourcesBuildPhase;
			buildActionMask = 2147483647;
			files = (
				E62F38DB29A5463E0031A6B9 /* Animator.swift in Sources */,
				E62F38BE29A541230031A6B9 /* AuthViewController.swift in Sources */,
				E6C9DA6729A628ED00A1EE36 /* AddReceiptController.swift in Sources */,
				E62F38C529A5429A0031A6B9 /* SignedOutView.swift in Sources */,
				E62F38D829A546170031A6B9 /* DataSourceProtocol.swift in Sources */,
				E62F38CA29A545320031A6B9 /* AuthProvider.swift in Sources */,
				E62F38C229A541FF0031A6B9 /* UserViewController.swift in Sources */,
				E6C9DA6B29A6540B00A1EE36 /* TextRecognition.swift in Sources */,
				E62F38CC29A5454E0031A6B9 /* UserActions.swift in Sources */,
				E6C9DA6929A64AA300A1EE36 /* ScanerView.swift in Sources */,
				E62F38CE29A545680031A6B9 /* Section.swift in Sources */,
				E6FFCE0429A5322000B4A718 /* AppDelegate.swift in Sources */,
				E6FFCE0629A5322000B4A718 /* SceneDelegate.swift in Sources */,
				E62F38C729A542B60031A6B9 /* LoginView.swift in Sources */,
				E64A059C29A56AA3005B8119 /* HistoryViewController.swift in Sources */,
				E6C9DA6D29A6543E00A1EE36 /* Model.swift in Sources */,
				E600251129A7E12C003C91DC /* ReceiptAlert.swift in Sources */,
				E62F38D129A545B20031A6B9 /* Extensions.swift in Sources */,
				E62F38D329A545CC0031A6B9 /* LoginDelegate.swift in Sources */,
				E6CC18B829A950370008E59A /* SummaryController.swift in Sources */,
				E62F38C029A541C00031A6B9 /* LoginController.swift in Sources */,
				E62F38D629A545FC0031A6B9 /* DataSourceProvider.swift in Sources */,
			);
			runOnlyForDeploymentPostprocessing = 0;
		};
/* End PBXSourcesBuildPhase section */

/* Begin PBXVariantGroup section */
		E6FFCE0929A5322000B4A718 /* Main.storyboard */ = {
			isa = PBXVariantGroup;
			children = (
				E6FFCE0A29A5322000B4A718 /* Base */,
			);
			name = Main.storyboard;
			sourceTree = "<group>";
		};
		E6FFCE0E29A5322100B4A718 /* LaunchScreen.storyboard */ = {
			isa = PBXVariantGroup;
			children = (
				E6FFCE0F29A5322100B4A718 /* Base */,
			);
			name = LaunchScreen.storyboard;
			sourceTree = "<group>";
		};
/* End PBXVariantGroup section */

/* Begin XCBuildConfiguration section */
		E6FFCE1229A5322100B4A718 /* Debug */ = {
			isa = XCBuildConfiguration;
			buildSettings = {
				ALWAYS_SEARCH_USER_PATHS = NO;
				CLANG_ANALYZER_NONNULL = YES;
				CLANG_ANALYZER_NUMBER_OBJECT_CONVERSION = YES_AGGRESSIVE;
				CLANG_CXX_LANGUAGE_STANDARD = "gnu++20";
				CLANG_ENABLE_MODULES = YES;
				CLANG_ENABLE_OBJC_ARC = YES;
				CLANG_ENABLE_OBJC_WEAK = YES;
				CLANG_WARN_BLOCK_CAPTURE_AUTORELEASING = YES;
				CLANG_WARN_BOOL_CONVERSION = YES;
				CLANG_WARN_COMMA = YES;
				CLANG_WARN_CONSTANT_CONVERSION = YES;
				CLANG_WARN_DEPRECATED_OBJC_IMPLEMENTATIONS = YES;
				CLANG_WARN_DIRECT_OBJC_ISA_USAGE = YES_ERROR;
				CLANG_WARN_DOCUMENTATION_COMMENTS = YES;
				CLANG_WARN_EMPTY_BODY = YES;
				CLANG_WARN_ENUM_CONVERSION = YES;
				CLANG_WARN_INFINITE_RECURSION = YES;
				CLANG_WARN_INT_CONVERSION = YES;
				CLANG_WARN_NON_LITERAL_NULL_CONVERSION = YES;
				CLANG_WARN_OBJC_IMPLICIT_RETAIN_SELF = YES;
				CLANG_WARN_OBJC_LITERAL_CONVERSION = YES;
				CLANG_WARN_OBJC_ROOT_CLASS = YES_ERROR;
				CLANG_WARN_QUOTED_INCLUDE_IN_FRAMEWORK_HEADER = YES;
				CLANG_WARN_RANGE_LOOP_ANALYSIS = YES;
				CLANG_WARN_STRICT_PROTOTYPES = YES;
				CLANG_WARN_SUSPICIOUS_MOVE = YES;
				CLANG_WARN_UNGUARDED_AVAILABILITY = YES_AGGRESSIVE;
				CLANG_WARN_UNREACHABLE_CODE = YES;
				CLANG_WARN__DUPLICATE_METHOD_MATCH = YES;
				COPY_PHASE_STRIP = NO;
				DEBUG_INFORMATION_FORMAT = dwarf;
				ENABLE_STRICT_OBJC_MSGSEND = YES;
				ENABLE_TESTABILITY = YES;
				GCC_C_LANGUAGE_STANDARD = gnu11;
				GCC_DYNAMIC_NO_PIC = NO;
				GCC_NO_COMMON_BLOCKS = YES;
				GCC_OPTIMIZATION_LEVEL = 0;
				GCC_PREPROCESSOR_DEFINITIONS = (
					"DEBUG=1",
					"$(inherited)",
				);
				GCC_WARN_64_TO_32_BIT_CONVERSION = YES;
				GCC_WARN_ABOUT_RETURN_TYPE = YES_ERROR;
				GCC_WARN_UNDECLARED_SELECTOR = YES;
				GCC_WARN_UNINITIALIZED_AUTOS = YES_AGGRESSIVE;
				GCC_WARN_UNUSED_FUNCTION = YES;
				GCC_WARN_UNUSED_VARIABLE = YES;
				IPHONEOS_DEPLOYMENT_TARGET = 16.2;
				MTL_ENABLE_DEBUG_INFO = INCLUDE_SOURCE;
				MTL_FAST_MATH = YES;
				ONLY_ACTIVE_ARCH = YES;
				SDKROOT = iphoneos;
				SWIFT_ACTIVE_COMPILATION_CONDITIONS = DEBUG;
				SWIFT_OPTIMIZATION_LEVEL = "-Onone";
			};
			name = Debug;
		};
		E6FFCE1329A5322100B4A718 /* Release */ = {
			isa = XCBuildConfiguration;
			buildSettings = {
				ALWAYS_SEARCH_USER_PATHS = NO;
				CLANG_ANALYZER_NONNULL = YES;
				CLANG_ANALYZER_NUMBER_OBJECT_CONVERSION = YES_AGGRESSIVE;
				CLANG_CXX_LANGUAGE_STANDARD = "gnu++20";
				CLANG_ENABLE_MODULES = YES;
				CLANG_ENABLE_OBJC_ARC = YES;
				CLANG_ENABLE_OBJC_WEAK = YES;
				CLANG_WARN_BLOCK_CAPTURE_AUTORELEASING = YES;
				CLANG_WARN_BOOL_CONVERSION = YES;
				CLANG_WARN_COMMA = YES;
				CLANG_WARN_CONSTANT_CONVERSION = YES;
				CLANG_WARN_DEPRECATED_OBJC_IMPLEMENTATIONS = YES;
				CLANG_WARN_DIRECT_OBJC_ISA_USAGE = YES_ERROR;
				CLANG_WARN_DOCUMENTATION_COMMENTS = YES;
				CLANG_WARN_EMPTY_BODY = YES;
				CLANG_WARN_ENUM_CONVERSION = YES;
				CLANG_WARN_INFINITE_RECURSION = YES;
				CLANG_WARN_INT_CONVERSION = YES;
				CLANG_WARN_NON_LITERAL_NULL_CONVERSION = YES;
				CLANG_WARN_OBJC_IMPLICIT_RETAIN_SELF = YES;
				CLANG_WARN_OBJC_LITERAL_CONVERSION = YES;
				CLANG_WARN_OBJC_ROOT_CLASS = YES_ERROR;
				CLANG_WARN_QUOTED_INCLUDE_IN_FRAMEWORK_HEADER = YES;
				CLANG_WARN_RANGE_LOOP_ANALYSIS = YES;
				CLANG_WARN_STRICT_PROTOTYPES = YES;
				CLANG_WARN_SUSPICIOUS_MOVE = YES;
				CLANG_WARN_UNGUARDED_AVAILABILITY = YES_AGGRESSIVE;
				CLANG_WARN_UNREACHABLE_CODE = YES;
				CLANG_WARN__DUPLICATE_METHOD_MATCH = YES;
				COPY_PHASE_STRIP = NO;
				DEBUG_INFORMATION_FORMAT = "dwarf-with-dsym";
				ENABLE_NS_ASSERTIONS = NO;
				ENABLE_STRICT_OBJC_MSGSEND = YES;
				GCC_C_LANGUAGE_STANDARD = gnu11;
				GCC_NO_COMMON_BLOCKS = YES;
				GCC_WARN_64_TO_32_BIT_CONVERSION = YES;
				GCC_WARN_ABOUT_RETURN_TYPE = YES_ERROR;
				GCC_WARN_UNDECLARED_SELECTOR = YES;
				GCC_WARN_UNINITIALIZED_AUTOS = YES_AGGRESSIVE;
				GCC_WARN_UNUSED_FUNCTION = YES;
				GCC_WARN_UNUSED_VARIABLE = YES;
				IPHONEOS_DEPLOYMENT_TARGET = 16.2;
				MTL_ENABLE_DEBUG_INFO = NO;
				MTL_FAST_MATH = YES;
				SDKROOT = iphoneos;
				SWIFT_COMPILATION_MODE = wholemodule;
				SWIFT_OPTIMIZATION_LEVEL = "-O";
				VALIDATE_PRODUCT = YES;
			};
			name = Release;
		};
		E6FFCE1529A5322100B4A718 /* Debug */ = {
			isa = XCBuildConfiguration;
			baseConfigurationReference = 42C8F0A1964D77D77297D0DC /* Pods-PlaniCo.debug.xcconfig */;
			buildSettings = {
				ASSETCATALOG_COMPILER_APPICON_NAME = AppIcon;
				ASSETCATALOG_COMPILER_GLOBAL_ACCENT_COLOR_NAME = AccentColor;
				CODE_SIGN_STYLE = Automatic;
				CURRENT_PROJECT_VERSION = 1;
				DEVELOPMENT_TEAM = A756CK2NQ3;
				GENERATE_INFOPLIST_FILE = YES;
				INFOPLIST_FILE = PlaniCo/Info.plist;
				INFOPLIST_KEY_UIApplicationSupportsIndirectInputEvents = YES;
				INFOPLIST_KEY_UILaunchStoryboardName = LaunchScreen;
				INFOPLIST_KEY_UIMainStoryboardFile = Main;
				INFOPLIST_KEY_UISupportedInterfaceOrientations_iPad = "UIInterfaceOrientationPortrait UIInterfaceOrientationPortraitUpsideDown UIInterfaceOrientationLandscapeLeft UIInterfaceOrientationLandscapeRight";
				INFOPLIST_KEY_UISupportedInterfaceOrientations_iPhone = "UIInterfaceOrientationPortrait UIInterfaceOrientationLandscapeLeft UIInterfaceOrientationLandscapeRight";
				IPHONEOS_DEPLOYMENT_TARGET = 14.0;
				LD_RUNPATH_SEARCH_PATHS = (
					"$(inherited)",
					"@executable_path/Frameworks",
				);
				MARKETING_VERSION = 1.0;
				PRODUCT_BUNDLE_IDENTIFIER = "-.PlaniCo";
				PRODUCT_NAME = "$(TARGET_NAME)";
				SWIFT_EMIT_LOC_STRINGS = YES;
				SWIFT_VERSION = 5.0;
				TARGETED_DEVICE_FAMILY = "1,2";
			};
			name = Debug;
		};
		E6FFCE1629A5322100B4A718 /* Release */ = {
			isa = XCBuildConfiguration;
			baseConfigurationReference = 3FB46EC8FC49A26245638C3B /* Pods-PlaniCo.release.xcconfig */;
			buildSettings = {
				ASSETCATALOG_COMPILER_APPICON_NAME = AppIcon;
				ASSETCATALOG_COMPILER_GLOBAL_ACCENT_COLOR_NAME = AccentColor;
				CODE_SIGN_STYLE = Automatic;
				CURRENT_PROJECT_VERSION = 1;
				DEVELOPMENT_TEAM = A756CK2NQ3;
				GENERATE_INFOPLIST_FILE = YES;
				INFOPLIST_FILE = PlaniCo/Info.plist;
				INFOPLIST_KEY_UIApplicationSupportsIndirectInputEvents = YES;
				INFOPLIST_KEY_UILaunchStoryboardName = LaunchScreen;
				INFOPLIST_KEY_UIMainStoryboardFile = Main;
				INFOPLIST_KEY_UISupportedInterfaceOrientations_iPad = "UIInterfaceOrientationPortrait UIInterfaceOrientationPortraitUpsideDown UIInterfaceOrientationLandscapeLeft UIInterfaceOrientationLandscapeRight";
				INFOPLIST_KEY_UISupportedInterfaceOrientations_iPhone = "UIInterfaceOrientationPortrait UIInterfaceOrientationLandscapeLeft UIInterfaceOrientationLandscapeRight";
				IPHONEOS_DEPLOYMENT_TARGET = 14.0;
				LD_RUNPATH_SEARCH_PATHS = (
					"$(inherited)",
					"@executable_path/Frameworks",
				);
				MARKETING_VERSION = 1.0;
				PRODUCT_BUNDLE_IDENTIFIER = "-.PlaniCo";
				PRODUCT_NAME = "$(TARGET_NAME)";
				SWIFT_EMIT_LOC_STRINGS = YES;
				SWIFT_VERSION = 5.0;
				TARGETED_DEVICE_FAMILY = "1,2";
			};
			name = Release;
		};
/* End XCBuildConfiguration section */

/* Begin XCConfigurationList section */
		E6FFCDFB29A5322000B4A718 /* Build configuration list for PBXProject "PlaniCo" */ = {
			isa = XCConfigurationList;
			buildConfigurations = (
				E6FFCE1229A5322100B4A718 /* Debug */,
				E6FFCE1329A5322100B4A718 /* Release */,
			);
			defaultConfigurationIsVisible = 0;
			defaultConfigurationName = Release;
		};
		E6FFCE1429A5322100B4A718 /* Build configuration list for PBXNativeTarget "PlaniCo" */ = {
			isa = XCConfigurationList;
			buildConfigurations = (
				E6FFCE1529A5322100B4A718 /* Debug */,
				E6FFCE1629A5322100B4A718 /* Release */,
			);
			defaultConfigurationIsVisible = 0;
			defaultConfigurationName = Release;
		};
/* End XCConfigurationList section */
	};
	rootObject = E6FFCDF829A5322000B4A718 /* Project object */;
}
